// !$*UTF8*$!
{
	archiveVersion = 1;
	classes = {
	};
	objectVersion = 50;
	objects = {

/* Begin PBXBuildFile section */
		604D729E2455AC6400255D2D /* HomeViewController.m in Sources */ = {isa = PBXBuildFile; fileRef = 604D729D2455AC6400255D2D /* HomeViewController.m */; };
		604D72A12455B27600255D2D /* HomeTableViewCell.m in Sources */ = {isa = PBXBuildFile; fileRef = 604D72A02455B27600255D2D /* HomeTableViewCell.m */; };
		604D72A42455B65700255D2D /* HomeItem.m in Sources */ = {isa = PBXBuildFile; fileRef = 604D72A32455B65700255D2D /* HomeItem.m */; };
		605FBD0F24547C1E00EF7CDA /* MineViewController.m in Sources */ = {isa = PBXBuildFile; fileRef = 605FBD0E24547C1E00EF7CDA /* MineViewController.m */; };
		605FBD1224547D3500EF7CDA /* Oauth2ViewController.m in Sources */ = {isa = PBXBuildFile; fileRef = 605FBD1124547D3500EF7CDA /* Oauth2ViewController.m */; };
		605FBD1524548D0B00EF7CDA /* NetWork.m in Sources */ = {isa = PBXBuildFile; fileRef = 605FBD1424548D0B00EF7CDA /* NetWork.m */; };
		60EDDDBE245478CF00EF1565 /* AppDelegate.m in Sources */ = {isa = PBXBuildFile; fileRef = 60EDDDBD245478CF00EF1565 /* AppDelegate.m */; };
		60EDDDC1245478CF00EF1565 /* SceneDelegate.m in Sources */ = {isa = PBXBuildFile; fileRef = 60EDDDC0245478CF00EF1565 /* SceneDelegate.m */; };
		60EDDDCA245478CF00EF1565 /* Main.storyboard in Resources */ = {isa = PBXBuildFile; fileRef = 60EDDDC8245478CF00EF1565 /* Main.storyboard */; };
		60EDDDCC245478D000EF1565 /* Assets.xcassets in Resources */ = {isa = PBXBuildFile; fileRef = 60EDDDCB245478D000EF1565 /* Assets.xcassets */; };
		60EDDDCF245478D000EF1565 /* LaunchScreen.storyboard in Resources */ = {isa = PBXBuildFile; fileRef = 60EDDDCD245478D000EF1565 /* LaunchScreen.storyboard */; };
		60EDDDD2245478D000EF1565 /* main.m in Sources */ = {isa = PBXBuildFile; fileRef = 60EDDDD1245478D000EF1565 /* main.m */; };
/* End PBXBuildFile section */

/* Begin PBXFileReference section */
		604D729C2455AC6400255D2D /* HomeViewController.h */ = {isa = PBXFileReference; lastKnownFileType = sourcecode.c.h; path = HomeViewController.h; sourceTree = "<group>"; };
		604D729D2455AC6400255D2D /* HomeViewController.m */ = {isa = PBXFileReference; lastKnownFileType = sourcecode.c.objc; path = HomeViewController.m; sourceTree = "<group>"; };
		604D729F2455B27600255D2D /* HomeTableViewCell.h */ = {isa = PBXFileReference; lastKnownFileType = sourcecode.c.h; path = HomeTableViewCell.h; sourceTree = "<group>"; };
		604D72A02455B27600255D2D /* HomeTableViewCell.m */ = {isa = PBXFileReference; lastKnownFileType = sourcecode.c.objc; path = HomeTableViewCell.m; sourceTree = "<group>"; };
		604D72A22455B65700255D2D /* HomeItem.h */ = {isa = PBXFileReference; lastKnownFileType = sourcecode.c.h; path = HomeItem.h; sourceTree = "<group>"; };
		604D72A32455B65700255D2D /* HomeItem.m */ = {isa = PBXFileReference; lastKnownFileType = sourcecode.c.objc; path = HomeItem.m; sourceTree = "<group>"; };
		605FBD0D24547C1E00EF7CDA /* MineViewController.h */ = {isa = PBXFileReference; lastKnownFileType = sourcecode.c.h; path = MineViewController.h; sourceTree = "<group>"; };
		605FBD0E24547C1E00EF7CDA /* MineViewController.m */ = {isa = PBXFileReference; lastKnownFileType = sourcecode.c.objc; path = MineViewController.m; sourceTree = "<group>"; };
		605FBD1024547D3500EF7CDA /* Oauth2ViewController.h */ = {isa = PBXFileReference; lastKnownFileType = sourcecode.c.h; path = Oauth2ViewController.h; sourceTree = "<group>"; };
		605FBD1124547D3500EF7CDA /* Oauth2ViewController.m */ = {isa = PBXFileReference; lastKnownFileType = sourcecode.c.objc; path = Oauth2ViewController.m; sourceTree = "<group>"; };
		605FBD1324548D0B00EF7CDA /* NetWork.h */ = {isa = PBXFileReference; fileEncoding = 4; lastKnownFileType = sourcecode.c.h; path = NetWork.h; sourceTree = "<group>"; };
		605FBD1424548D0B00EF7CDA /* NetWork.m */ = {isa = PBXFileReference; fileEncoding = 4; lastKnownFileType = sourcecode.c.objc; path = NetWork.m; sourceTree = "<group>"; };
		60EDDDB9245478CF00EF1565 /* Weibo.app */ = {isa = PBXFileReference; explicitFileType = wrapper.application; includeInIndex = 0; path = Weibo.app; sourceTree = BUILT_PRODUCTS_DIR; };
		60EDDDBC245478CF00EF1565 /* AppDelegate.h */ = {isa = PBXFileReference; lastKnownFileType = sourcecode.c.h; path = AppDelegate.h; sourceTree = "<group>"; };
		60EDDDBD245478CF00EF1565 /* AppDelegate.m */ = {isa = PBXFileReference; lastKnownFileType = sourcecode.c.objc; path = AppDelegate.m; sourceTree = "<group>"; };
		60EDDDBF245478CF00EF1565 /* SceneDelegate.h */ = {isa = PBXFileReference; lastKnownFileType = sourcecode.c.h; path = SceneDelegate.h; sourceTree = "<group>"; };
		60EDDDC0245478CF00EF1565 /* SceneDelegate.m */ = {isa = PBXFileReference; lastKnownFileType = sourcecode.c.objc; path = SceneDelegate.m; sourceTree = "<group>"; };
		60EDDDC9245478CF00EF1565 /* Base */ = {isa = PBXFileReference; lastKnownFileType = file.storyboard; name = Base; path = Base.lproj/Main.storyboard; sourceTree = "<group>"; };
		60EDDDCB245478D000EF1565 /* Assets.xcassets */ = {isa = PBXFileReference; lastKnownFileType = folder.assetcatalog; path = Assets.xcassets; sourceTree = "<group>"; };
		60EDDDCE245478D000EF1565 /* Base */ = {isa = PBXFileReference; lastKnownFileType = file.storyboard; name = Base; path = Base.lproj/LaunchScreen.storyboard; sourceTree = "<group>"; };
		60EDDDD0245478D000EF1565 /* Info.plist */ = {isa = PBXFileReference; lastKnownFileType = text.plist.xml; path = Info.plist; sourceTree = "<group>"; };
		60EDDDD1245478D000EF1565 /* main.m */ = {isa = PBXFileReference; lastKnownFileType = sourcecode.c.objc; path = main.m; sourceTree = "<group>"; };
/* End PBXFileReference section */

/* Begin PBXFrameworksBuildPhase section */
		60EDDDB6245478CF00EF1565 /* Frameworks */ = {
			isa = PBXFrameworksBuildPhase;
			buildActionMask = 2147483647;
			files = (
			);
			runOnlyForDeploymentPostprocessing = 0;
		};
/* End PBXFrameworksBuildPhase section */

/* Begin PBXGroup section */
		605FBD0824547BAB00EF7CDA /* common */ = {
			isa = PBXGroup;
			children = (
				605FBD1324548D0B00EF7CDA /* NetWork.h */,
				605FBD1424548D0B00EF7CDA /* NetWork.m */,
			);
			path = common;
			sourceTree = "<group>";
		};
		605FBD0924547BB700EF7CDA /* model */ = {
			isa = PBXGroup;
			children = (
				604D729F2455B27600255D2D /* HomeTableViewCell.h */,
				604D72A02455B27600255D2D /* HomeTableViewCell.m */,
				604D72A22455B65700255D2D /* HomeItem.h */,
				604D72A32455B65700255D2D /* HomeItem.m */,
			);
			path = model;
			sourceTree = "<group>";
		};
		60EDDDB0245478CF00EF1565 = {
			isa = PBXGroup;
			children = (
				60EDDDBB245478CF00EF1565 /* Weibo */,
				60EDDDBA245478CF00EF1565 /* Products */,
			);
			sourceTree = "<group>";
		};
		60EDDDBA245478CF00EF1565 /* Products */ = {
			isa = PBXGroup;
			children = (
				60EDDDB9245478CF00EF1565 /* Weibo.app */,
			);
			name = Products;
			sourceTree = "<group>";
		};
		60EDDDBB245478CF00EF1565 /* Weibo */ = {
			isa = PBXGroup;
			children = (
				605FBD0924547BB700EF7CDA /* model */,
				605FBD0824547BAB00EF7CDA /* common */,
				60EDDDD924547A5D00EF1565 /* controller */,
				60EDDDD8245479FD00EF1565 /* view */,
				60EDDDBC245478CF00EF1565 /* AppDelegate.h */,
				60EDDDBD245478CF00EF1565 /* AppDelegate.m */,
				60EDDDBF245478CF00EF1565 /* SceneDelegate.h */,
				60EDDDC0245478CF00EF1565 /* SceneDelegate.m */,
				60EDDDCB245478D000EF1565 /* Assets.xcassets */,
				60EDDDCD245478D000EF1565 /* LaunchScreen.storyboard */,
				60EDDDD0245478D000EF1565 /* Info.plist */,
				60EDDDD1245478D000EF1565 /* main.m */,
			);
			path = Weibo;
			sourceTree = "<group>";
		};
		60EDDDD8245479FD00EF1565 /* view */ = {
			isa = PBXGroup;
			children = (
				60EDDDC8245478CF00EF1565 /* Main.storyboard */,
			);
			path = view;
			sourceTree = "<group>";
		};
		60EDDDD924547A5D00EF1565 /* controller */ = {
			isa = PBXGroup;
			children = (
				605FBD0D24547C1E00EF7CDA /* MineViewController.h */,
				605FBD0E24547C1E00EF7CDA /* MineViewController.m */,
				605FBD1024547D3500EF7CDA /* Oauth2ViewController.h */,
				605FBD1124547D3500EF7CDA /* Oauth2ViewController.m */,
				604D729C2455AC6400255D2D /* HomeViewController.h */,
				604D729D2455AC6400255D2D /* HomeViewController.m */,
			);
			path = controller;
			sourceTree = "<group>";
		};
/* End PBXGroup section */

/* Begin PBXNativeTarget section */
		60EDDDB8245478CF00EF1565 /* Weibo */ = {
			isa = PBXNativeTarget;
			buildConfigurationList = 60EDDDD5245478D000EF1565 /* Build configuration list for PBXNativeTarget "Weibo" */;
			buildPhases = (
				60EDDDB5245478CF00EF1565 /* Sources */,
				60EDDDB6245478CF00EF1565 /* Frameworks */,
				60EDDDB7245478CF00EF1565 /* Resources */,
			);
			buildRules = (
			);
			dependencies = (
			);
			name = Weibo;
			productName = Weibo;
			productReference = 60EDDDB9245478CF00EF1565 /* Weibo.app */;
			productType = "com.apple.product-type.application";
		};
/* End PBXNativeTarget section */

/* Begin PBXProject section */
		60EDDDB1245478CF00EF1565 /* Project object */ = {
			isa = PBXProject;
			attributes = {
				LastUpgradeCheck = 1100;
				ORGANIZATIONNAME = Suramire;
				TargetAttributes = {
					60EDDDB8245478CF00EF1565 = {
						CreatedOnToolsVersion = 11.0;
					};
				};
			};
			buildConfigurationList = 60EDDDB4245478CF00EF1565 /* Build configuration list for PBXProject "Weibo" */;
			compatibilityVersion = "Xcode 9.3";
			developmentRegion = en;
			hasScannedForEncodings = 0;
			knownRegions = (
				en,
				Base,
			);
			mainGroup = 60EDDDB0245478CF00EF1565;
			productRefGroup = 60EDDDBA245478CF00EF1565 /* Products */;
			projectDirPath = "";
			projectRoot = "";
			targets = (
				60EDDDB8245478CF00EF1565 /* Weibo */,
			);
		};
/* End PBXProject section */

/* Begin PBXResourcesBuildPhase section */
		60EDDDB7245478CF00EF1565 /* Resources */ = {
			isa = PBXResourcesBuildPhase;
			buildActionMask = 2147483647;
			files = (
				60EDDDCF245478D000EF1565 /* LaunchScreen.storyboard in Resources */,
				60EDDDCC245478D000EF1565 /* Assets.xcassets in Resources */,
				60EDDDCA245478CF00EF1565 /* Main.storyboard in Resources */,
			);
			runOnlyForDeploymentPostprocessing = 0;
		};
/* End PBXResourcesBuildPhase section */

/* Begin PBXSourcesBuildPhase section */
		60EDDDB5245478CF00EF1565 /* Sources */ = {
			isa = PBXSourcesBuildPhase;
			buildActionMask = 2147483647;
			files = (
				60EDDDD2245478D000EF1565 /* main.m in Sources */,
				605FBD1524548D0B00EF7CDA /* NetWork.m in Sources */,
				604D72A12455B27600255D2D /* HomeTableViewCell.m in Sources */,
				60EDDDBE245478CF00EF1565 /* AppDelegate.m in Sources */,
				605FBD0F24547C1E00EF7CDA /* MineViewController.m in Sources */,
				605FBD1224547D3500EF7CDA /* Oauth2ViewController.m in Sources */,
				604D729E2455AC6400255D2D /* HomeViewController.m in Sources */,
				604D72A42455B65700255D2D /* HomeItem.m in Sources */,
				60EDDDC1245478CF00EF1565 /* SceneDelegate.m in Sources */,
			);
			runOnlyForDeploymentPostprocessing = 0;
		};
/* End PBXSourcesBuildPhase section */

/* Begin PBXVariantGroup section */
		60EDDDC8245478CF00EF1565 /* Main.storyboard */ = {
			isa = PBXVariantGroup;
			children = (
				60EDDDC9245478CF00EF1565 /* Base */,
			);
			name = Main.storyboard;
			sourceTree = "<group>";
		};
		60EDDDCD245478D000EF1565 /* LaunchScreen.storyboard */ = {
			isa = PBXVariantGroup;
			children = (
				60EDDDCE245478D000EF1565 /* Base */,
			);
			name = LaunchScreen.storyboard;
			sourceTree = "<group>";
		};
/* End PBXVariantGroup section */

/* Begin XCBuildConfiguration section */
		60EDDDD3245478D000EF1565 /* Debug */ = {
			isa = XCBuildConfiguration;
			buildSettings = {
				ALWAYS_SEARCH_USER_PATHS = NO;
				CLANG_ANALYZER_NONNULL = YES;
				CLANG_ANALYZER_NUMBER_OBJECT_CONVERSION = YES_AGGRESSIVE;
				CLANG_CXX_LANGUAGE_STANDARD = "gnu++14";
				CLANG_CXX_LIBRARY = "libc++";
				CLANG_ENABLE_MODULES = YES;
				CLANG_ENABLE_OBJC_ARC = YES;
				CLANG_ENABLE_OBJC_WEAK = YES;
				CLANG_WARN_BLOCK_CAPTURE_AUTORELEASING = YES;
				CLANG_WARN_BOOL_CONVERSION = YES;
				CLANG_WARN_COMMA = YES;
				CLANG_WARN_CONSTANT_CONVERSION = YES;
				CLANG_WARN_DEPRECATED_OBJC_IMPLEMENTATIONS = YES;
				CLANG_WARN_DIRECT_OBJC_ISA_USAGE = YES_ERROR;
				CLANG_WARN_DOCUMENTATION_COMMENTS = YES;
				CLANG_WARN_EMPTY_BODY = YES;
				CLANG_WARN_ENUM_CONVERSION = YES;
				CLANG_WARN_INFINITE_RECURSION = YES;
				CLANG_WARN_INT_CONVERSION = YES;
				CLANG_WARN_NON_LITERAL_NULL_CONVERSION = YES;
				CLANG_WARN_OBJC_IMPLICIT_RETAIN_SELF = YES;
				CLANG_WARN_OBJC_LITERAL_CONVERSION = YES;
				CLANG_WARN_OBJC_ROOT_CLASS = YES_ERROR;
				CLANG_WARN_RANGE_LOOP_ANALYSIS = YES;
				CLANG_WARN_STRICT_PROTOTYPES = YES;
				CLANG_WARN_SUSPICIOUS_MOVE = YES;
				CLANG_WARN_UNGUARDED_AVAILABILITY = YES_AGGRESSIVE;
				CLANG_WARN_UNREACHABLE_CODE = YES;
				CLANG_WARN__DUPLICATE_METHOD_MATCH = YES;
				COPY_PHASE_STRIP = NO;
				DEBUG_INFORMATION_FORMAT = dwarf;
				ENABLE_STRICT_OBJC_MSGSEND = YES;
				ENABLE_TESTABILITY = YES;
				GCC_C_LANGUAGE_STANDARD = gnu11;
				GCC_DYNAMIC_NO_PIC = NO;
				GCC_NO_COMMON_BLOCKS = YES;
				GCC_OPTIMIZATION_LEVEL = 0;
				GCC_PREPROCESSOR_DEFINITIONS = (
					"DEBUG=1",
					"$(inherited)",
				);
				GCC_WARN_64_TO_32_BIT_CONVERSION = YES;
				GCC_WARN_ABOUT_RETURN_TYPE = YES_ERROR;
				GCC_WARN_UNDECLARED_SELECTOR = YES;
				GCC_WARN_UNINITIALIZED_AUTOS = YES_AGGRESSIVE;
				GCC_WARN_UNUSED_FUNCTION = YES;
				GCC_WARN_UNUSED_VARIABLE = YES;
				IPHONEOS_DEPLOYMENT_TARGET = 13.0;
				MTL_ENABLE_DEBUG_INFO = INCLUDE_SOURCE;
				MTL_FAST_MATH = YES;
				ONLY_ACTIVE_ARCH = YES;
				SDKROOT = iphoneos;
			};
			name = Debug;
		};
		60EDDDD4245478D000EF1565 /* Release */ = {
			isa = XCBuildConfiguration;
			buildSettings = {
				ALWAYS_SEARCH_USER_PATHS = NO;
				CLANG_ANALYZER_NONNULL = YES;
				CLANG_ANALYZER_NUMBER_OBJECT_CONVERSION = YES_AGGRESSIVE;
				CLANG_CXX_LANGUAGE_STANDARD = "gnu++14";
				CLANG_CXX_LIBRARY = "libc++";
				CLANG_ENABLE_MODULES = YES;
				CLANG_ENABLE_OBJC_ARC = YES;
				CLANG_ENABLE_OBJC_WEAK = YES;
				CLANG_WARN_BLOCK_CAPTURE_AUTORELEASING = YES;
				CLANG_WARN_BOOL_CONVERSION = YES;
				CLANG_WARN_COMMA = YES;
				CLANG_WARN_CONSTANT_CONVERSION = YES;
				CLANG_WARN_DEPRECATED_OBJC_IMPLEMENTATIONS = YES;
				CLANG_WARN_DIRECT_OBJC_ISA_USAGE = YES_ERROR;
				CLANG_WARN_DOCUMENTATION_COMMENTS = YES;
				CLANG_WARN_EMPTY_BODY = YES;
				CLANG_WARN_ENUM_CONVERSION = YES;
				CLANG_WARN_INFINITE_RECURSION = YES;
				CLANG_WARN_INT_CONVERSION = YES;
				CLANG_WARN_NON_LITERAL_NULL_CONVERSION = YES;
				CLANG_WARN_OBJC_IMPLICIT_RETAIN_SELF = YES;
				CLANG_WARN_OBJC_LITERAL_CONVERSION = YES;
				CLANG_WARN_OBJC_ROOT_CLASS = YES_ERROR;
				CLANG_WARN_RANGE_LOOP_ANALYSIS = YES;
				CLANG_WARN_STRICT_PROTOTYPES = YES;
				CLANG_WARN_SUSPICIOUS_MOVE = YES;
				CLANG_WARN_UNGUARDED_AVAILABILITY = YES_AGGRESSIVE;
				CLANG_WARN_UNREACHABLE_CODE = YES;
				CLANG_WARN__DUPLICATE_METHOD_MATCH = YES;
				COPY_PHASE_STRIP = NO;
				DEBUG_INFORMATION_FORMAT = "dwarf-with-dsym";
				ENABLE_NS_ASSERTIONS = NO;
				ENABLE_STRICT_OBJC_MSGSEND = YES;
				GCC_C_LANGUAGE_STANDARD = gnu11;
				GCC_NO_COMMON_BLOCKS = YES;
				GCC_WARN_64_TO_32_BIT_CONVERSION = YES;
				GCC_WARN_ABOUT_RETURN_TYPE = YES_ERROR;
				GCC_WARN_UNDECLARED_SELECTOR = YES;
				GCC_WARN_UNINITIALIZED_AUTOS = YES_AGGRESSIVE;
				GCC_WARN_UNUSED_FUNCTION = YES;
				GCC_WARN_UNUSED_VARIABLE = YES;
				IPHONEOS_DEPLOYMENT_TARGET = 13.0;
				MTL_ENABLE_DEBUG_INFO = NO;
				MTL_FAST_MATH = YES;
				SDKROOT = iphoneos;
				VALIDATE_PRODUCT = YES;
			};
			name = Release;
		};
		60EDDDD6245478D000EF1565 /* Debug */ = {
			isa = XCBuildConfiguration;
			buildSettings = {
				ASSETCATALOG_COMPILER_APPICON_NAME = AppIcon;
				CODE_SIGN_STYLE = Automatic;
				DEVELOPMENT_TEAM = T66T8V9Y34;
				INFOPLIST_FILE = Weibo/Info.plist;
				LD_RUNPATH_SEARCH_PATHS = (
					"$(inherited)",
					"@executable_path/Frameworks",
				);
				PRODUCT_BUNDLE_IDENTIFIER = suramire.Weibo;
				PRODUCT_NAME = "$(TARGET_NAME)";
				TARGETED_DEVICE_FAMILY = "1,2";
			};
			name = Debug;
		};
		60EDDDD7245478D000EF1565 /* Release */ = {
			isa = XCBuildConfiguration;
			buildSettings = {
				ASSETCATALOG_COMPILER_APPICON_NAME = AppIcon;
				CODE_SIGN_STYLE = Automatic;
				DEVELOPMENT_TEAM = T66T8V9Y34;
				INFOPLIST_FILE = Weibo/Info.plist;
				LD_RUNPATH_SEARCH_PATHS = (
					"$(inherited)",
					"@executable_path/Frameworks",
				);
				PRODUCT_BUNDLE_IDENTIFIER = suramire.Weibo;
				PRODUCT_NAME = "$(TARGET_NAME)";
				TARGETED_DEVICE_FAMILY = "1,2";
			};
			name = Release;
		};
/* End XCBuildConfiguration section */

/* Begin XCConfigurationList section */
		60EDDDB4245478CF00EF1565 /* Build configuration list for PBXProject "Weibo" */ = {
			isa = XCConfigurationList;
			buildConfigurations = (
				60EDDDD3245478D000EF1565 /* Debug */,
				60EDDDD4245478D000EF1565 /* Release */,
			);
			defaultConfigurationIsVisible = 0;
			defaultConfigurationName = Release;
		};
		60EDDDD5245478D000EF1565 /* Build configuration list for PBXNativeTarget "Weibo" */ = {
			isa = XCConfigurationList;
			buildConfigurations = (
				60EDDDD6245478D000EF1565 /* Debug */,
				60EDDDD7245478D000EF1565 /* Release */,
			);
			defaultConfigurationIsVisible = 0;
			defaultConfigurationName = Release;
		};
/* End XCConfigurationList section */
	};
	rootObject = 60EDDDB1245478CF00EF1565 /* Project object */;
}
